
Microsoft Visual Studio Solution File, Format Version 12.00
# Visual Studio Version 16
VisualStudioVersion = 16.0.30225.117
MinimumVisualStudioVersion = 10.0.40219.1
Project("{FAE04EC0-301F-11D3-BF4B-00C04F79EFBC}") = "MedicineAppApi", "MedicineAppApi\MedicineAppApi.csproj", "{FC5F0262-1FC7-42F3-96F2-F6FCFE08750C}"
EndProject
Global
	GlobalSection(SolutionConfigurationPlatforms) = preSolution
		Debug|Any CPU = Debug|Any CPU
		Release|Any CPU = Release|Any CPU
	EndGlobalSection
	GlobalSection(ProjectConfigurationPlatforms) = postSolution
		{FC5F0262-1FC7-42F3-96F2-F6FCFE08750C}.Debug|Any CPU.ActiveCfg = Debug|Any CPU
		{FC5F0262-1FC7-42F3-96F2-F6FCFE08750C}.Debug|Any CPU.Build.0 = Debug|Any CPU
		{FC5F0262-1FC7-42F3-96F2-F6FCFE08750C}.Release|Any CPU.ActiveCfg = Release|Any CPU
		{FC5F0262-1FC7-42F3-96F2-F6FCFE08750C}.Release|Any CPU.Build.0 = Release|Any CPU
	EndGlobalSection
	GlobalSection(SolutionProperties) = preSolution
		HideSolutionNode = FALSE
	EndGlobalSection
	GlobalSection(ExtensibilityGlobals) = postSolution
		SolutionGuid = {79F1CD76-7C8F-4CD7-92E8-4B9086A01EF2}
	EndGlobalSection
EndGlobal
